
Microsoft Visual Studio Solution File, Format Version 12.00
# Visual Studio Version 17
VisualStudioVersion = 17.8.34330.188
MinimumVisualStudioVersion = 10.0.40219.1
Project("{8BC9CEB8-8B4A-11D0-8D11-00A0C91BC942}") = "PAC-MAN", "PAC-MAN\PAC-MAN.vcxproj", "{EDDB9713-314E-46F3-9A19-2FEA033C54CE}"
EndProject
Global
	GlobalSection(SolutionConfigurationPlatforms) = preSolution
		Debug|x64 = Debug|x64
		Debug|x86 = Debug|x86
		Release|x64 = Release|x64
		Release|x86 = Release|x86
	EndGlobalSection
	GlobalSection(ProjectConfigurationPlatforms) = postSolution
		{EDDB9713-314E-46F3-9A19-2FEA033C54CE}.Debug|x64.ActiveCfg = Debug|x64
		{EDDB9713-314E-46F3-9A19-2FEA033C54CE}.Debug|x64.Build.0 = Debug|x64
		{EDDB9713-314E-46F3-9A19-2FEA033C54CE}.Debug|x86.ActiveCfg = Debug|Win32
		{EDDB9713-314E-46F3-9A19-2FEA033C54CE}.Debug|x86.Build.0 = Debug|Win32
		{EDDB9713-314E-46F3-9A19-2FEA033C54CE}.Release|x64.ActiveCfg = Release|x64
		{EDDB9713-314E-46F3-9A19-2FEA033C54CE}.Release|x64.Build.0 = Release|x64
		{EDDB9713-314E-46F3-9A19-2FEA033C54CE}.Release|x86.ActiveCfg = Release|Win32
		{EDDB9713-314E-46F3-9A19-2FEA033C54CE}.Release|x86.Build.0 = Release|Win32
	EndGlobalSection
	GlobalSection(SolutionProperties) = preSolution
		HideSolutionNode = FALSE
	EndGlobalSection
	GlobalSection(ExtensibilityGlobals) = postSolution
		SolutionGuid = {9E4B3261-5BEC-4426-A5FC-89F35C05D550}
	EndGlobalSection
EndGlobal
